
Microsoft Visual Studio Solution File, Format Version 12.00
# Visual Studio 15
VisualStudioVersion = 15.0.28307.168
MinimumVisualStudioVersion = 10.0.40219.1
Project("{FAE04EC0-301F-11D3-BF4B-00C04F79EFBC}") = "BookATable", "BookATable\BookATable.csproj", "{E96135C2-EB27-4244-A702-F5415324021E}"
EndProject
Global
	GlobalSection(SolutionConfigurationPlatforms) = preSolution
		Debug|Any CPU = Debug|Any CPU
		Release|Any CPU = Release|Any CPU
	EndGlobalSection
	GlobalSection(ProjectConfigurationPlatforms) = postSolution
		{E96135C2-EB27-4244-A702-F5415324021E}.Debug|Any CPU.ActiveCfg = Debug|Any CPU
		{E96135C2-EB27-4244-A702-F5415324021E}.Debug|Any CPU.Build.0 = Debug|Any CPU
		{E96135C2-EB27-4244-A702-F5415324021E}.Release|Any CPU.ActiveCfg = Release|Any CPU
		{E96135C2-EB27-4244-A702-F5415324021E}.Release|Any CPU.Build.0 = Release|Any CPU
	EndGlobalSection
	GlobalSection(SolutionProperties) = preSolution
		HideSolutionNode = FALSE
	EndGlobalSection
	GlobalSection(ExtensibilityGlobals) = postSolution
		SolutionGuid = {3F47B2A8-F363-4C54-9A72-793716843754}
	EndGlobalSection
EndGlobal
